<?xml version="1.0" encoding="utf-8"?>
<Project ToolsVersion="4.0" xmlns="http://schemas.microsoft.com/developer/msbuild/2003">
  <ItemGroup>
    <Filter Include="源文件">
      <UniqueIdentifier>{4FC737F1-C7A5-4376-A066-2A32D752A2FF}</UniqueIdentifier>
      <Extensions>cpp;c;cc;cxx;def;odl;idl;hpj;bat;asm;asmx</Extensions>
    </Filter>
    <Filter Include="头文件">
      <UniqueIdentifier>{93995380-89BD-4b04-88EB-625FBE52EBFB}</UniqueIdentifier>
      <Extensions>h;hpp;hxx;hm;inl;inc;xsd</Extensions>
    </Filter>
    <Filter Include="资源文件">
      <UniqueIdentifier>{67DA6AB6-F800-4c08-8B7A-83BB121AAD01}</UniqueIdentifier>
      <Extensions>rc;ico;cur;bmp;dlg;rc2;rct;bin;rgs;gif;jpg;jpeg;jpe;resx;tiff;tif;png;wav;mfcribbon-ms</Extensions>
    </Filter>
  </ItemGroup>
  <ItemGroup>
    <None Include="ReadMe.txt" />
  </ItemGroup>
  <ItemGroup>
    <ClInclude Include="stdafx.h">
      <Filter>头文件</Filter>
    </ClInclude>
    <ClInclude Include="targetver.h">
      <Filter>头文件</Filter>
    </ClInclude>
    <ClInclude Include="CommonNtDefine.h">
      <Filter>头文件</Filter>
    </ClInclude>
    <ClInclude Include="CommonApi.h">
      <Filter>头文件</Filter>
    </ClInclude>
    <ClInclude Include="CommonPublic.h">
      <Filter>头文件</Filter>
    </ClInclude>
    <ClInclude Include="CommonError.h">
      <Filter>头文件</Filter>
    </ClInclude>
    <ClInclude Include="CommonStruct.h">
      <Filter>头文件</Filter>
    </ClInclude>
    <ClInclude Include="CommonNickname.h">
      <Filter>头文件</Filter>
    </ClInclude>
    <ClInclude Include="CommonMultipleInstance.h">
      <Filter>头文件</Filter>
    </ClInclude>
    <ClInclude Include="CommonSingleInstance.h">
      <Filter>头文件</Filter>
    </ClInclude>
    <ClInclude Include="CommonHookEnv.h">
      <Filter>头文件</Filter>
    </ClInclude>
    <ClInclude Include="CommonAvoidReentry.h">
      <Filter>头文件</Filter>
    </ClInclude>
    <ClInclude Include="CommonLog.h">
      <Filter>头文件</Filter>
    </ClInclude>
    <ClInclude Include="CommonEnum.h">
      <Filter>头文件</Filter>
    </ClInclude>
    <ClInclude Include="CommonIp.h">
      <Filter>头文件</Filter>
    </ClInclude>
    <ClInclude Include="CommonMacro.h">
      <Filter>头文件</Filter>
    </ClInclude>
    <ClInclude Include="CommonModule.h">
      <Filter>头文件</Filter>
    </ClInclude>
    <ClInclude Include="CommonOperationSystem.h">
      <Filter>头文件</Filter>
    </ClInclude>
    <ClInclude Include="CommonProcess.h">
      <Filter>头文件</Filter>
    </ClInclude>
    <ClInclude Include="CommonService.h">
      <Filter>头文件</Filter>
    </ClInclude>
    <ClInclude Include="CommonTool.h">
      <Filter>头文件</Filter>
    </ClInclude>
    <ClInclude Include="CommonSession.h">
      <Filter>头文件</Filter>
    </ClInclude>
    <ClInclude Include="CommonNtHelper.h">
      <Filter>头文件</Filter>
    </ClInclude>
    <ClInclude Include="CommonGlobalVariable.h">
      <Filter>头文件</Filter>
    </ClInclude>
    <ClInclude Include="CommonStringConvert.h">
      <Filter>头文件</Filter>
    </ClInclude>
    <ClInclude Include="CommonPath.h">
      <Filter>头文件</Filter>
    </ClInclude>
    <ClInclude Include="CommonDebug.h">
      <Filter>头文件</Filter>
    </ClInclude>
    <ClInclude Include="CommonFile.h">
      <Filter>头文件</Filter>
    </ClInclude>
  </ItemGroup>
  <ItemGroup>
    <ClCompile Include="stdafx.cpp">
      <Filter>源文件</Filter>
    </ClCompile>
    <ClCompile Include="CommonHookEnv.cpp">
      <Filter>源文件</Filter>
    </ClCompile>
    <ClCompile Include="CommonAvoidReentry.cpp">
      <Filter>源文件</Filter>
    </ClCompile>
    <ClCompile Include="CommonLog.cpp">
      <Filter>源文件</Filter>
    </ClCompile>
    <ClCompile Include="CommonTool.cpp">
      <Filter>源文件</Filter>
    </ClCompile>
    <ClCompile Include="CommonService.cpp">
      <Filter>源文件</Filter>
    </ClCompile>
    <ClCompile Include="CommonOperationSystem.cpp">
      <Filter>源文件</Filter>
    </ClCompile>
    <ClCompile Include="CommonModule.cpp">
      <Filter>源文件</Filter>
    </ClCompile>
    <ClCompile Include="CommonIp.cpp">
      <Filter>源文件</Filter>
    </ClCompile>
    <ClCompile Include="CommonProcess.cpp">
      <Filter>源文件</Filter>
    </ClCompile>
    <ClCompile Include="CommonSession.cpp">
      <Filter>源文件</Filter>
    </ClCompile>
    <ClCompile Include="CommonNtHelper.cpp">
      <Filter>源文件</Filter>
    </ClCompile>
    <ClCompile Include="CommonStringConvert.cpp">
      <Filter>源文件</Filter>
    </ClCompile>
    <ClCompile Include="CommonPath.cpp">
      <Filter>源文件</Filter>
    </ClCompile>
    <ClCompile Include="CommonDebug.cpp">
      <Filter>源文件</Filter>
    </ClCompile>
    <ClCompile Include="CommonFile.cpp">
      <Filter>源文件</Filter>
    </ClCompile>
  </ItemGroup>
</Project>